// !$*UTF8*$!
{
	archiveVersion = 1;
	classes = {
	};
	objectVersion = 46;
	objects = {

/* Begin PBXBuildFile section */
		A4074D59176D0868008CCCD7 /* UIKit.framework in Frameworks */ = {isa = PBXBuildFile; fileRef = A4074D58176D0868008CCCD7 /* UIKit.framework */; };
		A4074D5B176D0868008CCCD7 /* Foundation.framework in Frameworks */ = {isa = PBXBuildFile; fileRef = A4074D5A176D0868008CCCD7 /* Foundation.framework */; };
		A4074D5D176D0868008CCCD7 /* CoreGraphics.framework in Frameworks */ = {isa = PBXBuildFile; fileRef = A4074D5C176D0868008CCCD7 /* CoreGraphics.framework */; };
		A4074D5F176D0868008CCCD7 /* CoreData.framework in Frameworks */ = {isa = PBXBuildFile; fileRef = A4074D5E176D0868008CCCD7 /* CoreData.framework */; };
		A4074D65176D0868008CCCD7 /* InfoPlist.strings in Resources */ = {isa = PBXBuildFile; fileRef = A4074D63176D0868008CCCD7 /* InfoPlist.strings */; };
		A4074D67176D0868008CCCD7 /* main.m in Sources */ = {isa = PBXBuildFile; fileRef = A4074D66176D0868008CCCD7 /* main.m */; };
		A4074D6B176D0868008CCCD7 /* AppDelegate.m in Sources */ = {isa = PBXBuildFile; fileRef = A4074D6A176D0868008CCCD7 /* AppDelegate.m */; };
		A4074D6D176D0868008CCCD7 /* Default.png in Resources */ = {isa = PBXBuildFile; fileRef = A4074D6C176D0868008CCCD7 /* Default.png */; };
		A4074D6F176D0868008CCCD7 /* Default@2x.png in Resources */ = {isa = PBXBuildFile; fileRef = A4074D6E176D0868008CCCD7 /* Default@2x.png */; };
		A4074D71176D0868008CCCD7 /* Default-568h@2x.png in Resources */ = {isa = PBXBuildFile; fileRef = A4074D70176D0868008CCCD7 /* Default-568h@2x.png */; };
		A4074D74176D0868008CCCD7 /* MainStoryboard.storyboard in Resources */ = {isa = PBXBuildFile; fileRef = A4074D72176D0868008CCCD7 /* MainStoryboard.storyboard */; };
		A4074D77176D0868008CCCD7 /* Markofresh.xcdatamodeld in Sources */ = {isa = PBXBuildFile; fileRef = A4074D75176D0868008CCCD7 /* Markofresh.xcdatamodeld */; };
		A4074D7A176D0868008CCCD7 /* MasterViewController.m in Sources */ = {isa = PBXBuildFile; fileRef = A4074D79176D0868008CCCD7 /* MasterViewController.m */; };
		A4074D7D176D0868008CCCD7 /* DetailViewController.m in Sources */ = {isa = PBXBuildFile; fileRef = A4074D7C176D0868008CCCD7 /* DetailViewController.m */; };
		A4074D85176D0868008CCCD7 /* SenTestingKit.framework in Frameworks */ = {isa = PBXBuildFile; fileRef = A4074D84176D0868008CCCD7 /* SenTestingKit.framework */; };
		A4074D86176D0868008CCCD7 /* UIKit.framework in Frameworks */ = {isa = PBXBuildFile; fileRef = A4074D58176D0868008CCCD7 /* UIKit.framework */; };
		A4074D87176D0868008CCCD7 /* Foundation.framework in Frameworks */ = {isa = PBXBuildFile; fileRef = A4074D5A176D0868008CCCD7 /* Foundation.framework */; };
		A4074D88176D0868008CCCD7 /* CoreData.framework in Frameworks */ = {isa = PBXBuildFile; fileRef = A4074D5E176D0868008CCCD7 /* CoreData.framework */; };
		A4074D90176D0868008CCCD7 /* InfoPlist.strings in Resources */ = {isa = PBXBuildFile; fileRef = A4074D8E176D0868008CCCD7 /* InfoPlist.strings */; };
		A4074D93176D0868008CCCD7 /* MarkofreshTests.m in Sources */ = {isa = PBXBuildFile; fileRef = A4074D92176D0868008CCCD7 /* MarkofreshTests.m */; };
		A4074D9E176D0E41008CCCD7 /* Post.m in Sources */ = {isa = PBXBuildFile; fileRef = A4074D9D176D0E41008CCCD7 /* Post.m */; };
		A4074DA1176D0E41008CCCD7 /* MUser.m in Sources */ = {isa = PBXBuildFile; fileRef = A4074DA0176D0E41008CCCD7 /* MUser.m */; };
		A4589370177B266600FBA2B6 /* MAPIClient.m in Sources */ = {isa = PBXBuildFile; fileRef = A458936F177B266600FBA2B6 /* MAPIClient.m */; };
		A4589374177B2FA000FBA2B6 /* Photo.m in Sources */ = {isa = PBXBuildFile; fileRef = A4589373177B2FA000FBA2B6 /* Photo.m */; };
		A4589377177B30EF00FBA2B6 /* PhotosViewController.m in Sources */ = {isa = PBXBuildFile; fileRef = A4589376177B30EF00FBA2B6 /* PhotosViewController.m */; };
		A458937A177B3E1E00FBA2B6 /* MapKit.framework in Frameworks */ = {isa = PBXBuildFile; fileRef = A4589379177B3E1E00FBA2B6 /* MapKit.framework */; };
		A458937E177B4AEC00FBA2B6 /* photo-placeholder.png in Resources */ = {isa = PBXBuildFile; fileRef = A458937C177B4AEC00FBA2B6 /* photo-placeholder.png */; };
		A458937F177B4AEC00FBA2B6 /* photo-placeholder@2x.png in Resources */ = {isa = PBXBuildFile; fileRef = A458937D177B4AEC00FBA2B6 /* photo-placeholder@2x.png */; };
		A4B0CF09177CF780002BD4AF /* NSDictionary+JSONValueParsing.m in Sources */ = {isa = PBXBuildFile; fileRef = A4B0CF08177CF780002BD4AF /* NSDictionary+JSONValueParsing.m */; };
		A4B0CF11177DCDED002BD4AF /* ProgressView.m in Sources */ = {isa = PBXBuildFile; fileRef = A4B0CF10177DCDED002BD4AF /* ProgressView.m */; };
		A4C7E6DD176FB2480027E089 /* PostViewController.m in Sources */ = {isa = PBXBuildFile; fileRef = A4C7E6DC176FB2480027E089 /* PostViewController.m */; };
		A4D6B3A31774CD7800E45BB0 /* CoreLocation.framework in Frameworks */ = {isa = PBXBuildFile; fileRef = A4D6B3A21774CD7800E45BB0 /* CoreLocation.framework */; };
		A4EC02A11770C63F00D608B8 /* LICENSE in Resources */ = {isa = PBXBuildFile; fileRef = A4EC029E1770C63F00D608B8 /* LICENSE */; };
		A4EC02A21770C63F00D608B8 /* NewRelicAgent.framework in Frameworks */ = {isa = PBXBuildFile; fileRef = A4EC029F1770C63F00D608B8 /* NewRelicAgent.framework */; };
		A4EC02A31770C63F00D608B8 /* README in Resources */ = {isa = PBXBuildFile; fileRef = A4EC02A01770C63F00D608B8 /* README */; };
		A4EC02A51770C65800D608B8 /* CoreTelephony.framework in Frameworks */ = {isa = PBXBuildFile; fileRef = A4EC02A41770C65800D608B8 /* CoreTelephony.framework */; };
		A4EC02A71770C66200D608B8 /* SystemConfiguration.framework in Frameworks */ = {isa = PBXBuildFile; fileRef = A4EC02A61770C66200D608B8 /* SystemConfiguration.framework */; };
		A4EC02A91770C66B00D608B8 /* libz.dylib in Frameworks */ = {isa = PBXBuildFile; fileRef = A4EC02A81770C66B00D608B8 /* libz.dylib */; };
		B298B704CCC44379A117A301 /* libPods.a in Frameworks */ = {isa = PBXBuildFile; fileRef = DC76C9E5AAE74BD49EEEA933 /* libPods.a */; };
/* End PBXBuildFile section */

/* Begin PBXContainerItemProxy section */
		A4074D89176D0868008CCCD7 /* PBXContainerItemProxy */ = {
			isa = PBXContainerItemProxy;
			containerPortal = A4074D4D176D0868008CCCD7 /* Project object */;
			proxyType = 1;
			remoteGlobalIDString = A4074D54176D0868008CCCD7;
			remoteInfo = Markofresh;
		};
/* End PBXContainerItemProxy section */

/* Begin PBXFileReference section */
		7C12293D6BC8481E83D2130F /* Pods.xcconfig */ = {isa = PBXFileReference; includeInIndex = 1; lastKnownFileType = text.xcconfig; name = Pods.xcconfig; path = ../Pods/Pods.xcconfig; sourceTree = SOURCE_ROOT; };
		A4074D55176D0868008CCCD7 /* Markofresh.app */ = {isa = PBXFileReference; explicitFileType = wrapper.application; includeInIndex = 0; path = Markofresh.app; sourceTree = BUILT_PRODUCTS_DIR; };
		A4074D58176D0868008CCCD7 /* UIKit.framework */ = {isa = PBXFileReference; lastKnownFileType = wrapper.framework; name = UIKit.framework; path = System/Library/Frameworks/UIKit.framework; sourceTree = SDKROOT; };
		A4074D5A176D0868008CCCD7 /* Foundation.framework */ = {isa = PBXFileReference; lastKnownFileType = wrapper.framework; name = Foundation.framework; path = System/Library/Frameworks/Foundation.framework; sourceTree = SDKROOT; };
		A4074D5C176D0868008CCCD7 /* CoreGraphics.framework */ = {isa = PBXFileReference; lastKnownFileType = wrapper.framework; name = CoreGraphics.framework; path = System/Library/Frameworks/CoreGraphics.framework; sourceTree = SDKROOT; };
		A4074D5E176D0868008CCCD7 /* CoreData.framework */ = {isa = PBXFileReference; lastKnownFileType = wrapper.framework; name = CoreData.framework; path = System/Library/Frameworks/CoreData.framework; sourceTree = SDKROOT; };
		A4074D62176D0868008CCCD7 /* Markofresh-Info.plist */ = {isa = PBXFileReference; lastKnownFileType = text.plist.xml; path = "Markofresh-Info.plist"; sourceTree = "<group>"; };
		A4074D64176D0868008CCCD7 /* en */ = {isa = PBXFileReference; lastKnownFileType = text.plist.strings; name = en; path = en.lproj/InfoPlist.strings; sourceTree = "<group>"; };
		A4074D66176D0868008CCCD7 /* main.m */ = {isa = PBXFileReference; lastKnownFileType = sourcecode.c.objc; path = main.m; sourceTree = "<group>"; };
		A4074D68176D0868008CCCD7 /* Markofresh-Prefix.pch */ = {isa = PBXFileReference; lastKnownFileType = sourcecode.c.h; path = "Markofresh-Prefix.pch"; sourceTree = "<group>"; };
		A4074D69176D0868008CCCD7 /* AppDelegate.h */ = {isa = PBXFileReference; lastKnownFileType = sourcecode.c.h; path = AppDelegate.h; sourceTree = "<group>"; };
		A4074D6A176D0868008CCCD7 /* AppDelegate.m */ = {isa = PBXFileReference; lastKnownFileType = sourcecode.c.objc; path = AppDelegate.m; sourceTree = "<group>"; };
		A4074D6C176D0868008CCCD7 /* Default.png */ = {isa = PBXFileReference; lastKnownFileType = image.png; path = Default.png; sourceTree = "<group>"; };
		A4074D6E176D0868008CCCD7 /* Default@2x.png */ = {isa = PBXFileReference; lastKnownFileType = image.png; path = "Default@2x.png"; sourceTree = "<group>"; };
		A4074D70176D0868008CCCD7 /* Default-568h@2x.png */ = {isa = PBXFileReference; lastKnownFileType = image.png; path = "Default-568h@2x.png"; sourceTree = "<group>"; };
		A4074D73176D0868008CCCD7 /* en */ = {isa = PBXFileReference; lastKnownFileType = file.storyboard; name = en; path = en.lproj/MainStoryboard.storyboard; sourceTree = "<group>"; };
		A4074D76176D0868008CCCD7 /* Markofresh.xcdatamodel */ = {isa = PBXFileReference; lastKnownFileType = wrapper.xcdatamodel; path = Markofresh.xcdatamodel; sourceTree = "<group>"; };
		A4074D78176D0868008CCCD7 /* MasterViewController.h */ = {isa = PBXFileReference; lastKnownFileType = sourcecode.c.h; path = MasterViewController.h; sourceTree = "<group>"; };
		A4074D79176D0868008CCCD7 /* MasterViewController.m */ = {isa = PBXFileReference; lastKnownFileType = sourcecode.c.objc; path = MasterViewController.m; sourceTree = "<group>"; };
		A4074D7B176D0868008CCCD7 /* DetailViewController.h */ = {isa = PBXFileReference; lastKnownFileType = sourcecode.c.h; path = DetailViewController.h; sourceTree = "<group>"; };
		A4074D7C176D0868008CCCD7 /* DetailViewController.m */ = {isa = PBXFileReference; lastKnownFileType = sourcecode.c.objc; path = DetailViewController.m; sourceTree = "<group>"; };
		A4074D83176D0868008CCCD7 /* MarkofreshTests.octest */ = {isa = PBXFileReference; explicitFileType = wrapper.cfbundle; includeInIndex = 0; path = MarkofreshTests.octest; sourceTree = BUILT_PRODUCTS_DIR; };
		A4074D84176D0868008CCCD7 /* SenTestingKit.framework */ = {isa = PBXFileReference; lastKnownFileType = wrapper.framework; name = SenTestingKit.framework; path = Library/Frameworks/SenTestingKit.framework; sourceTree = DEVELOPER_DIR; };
		A4074D8D176D0868008CCCD7 /* MarkofreshTests-Info.plist */ = {isa = PBXFileReference; lastKnownFileType = text.plist.xml; path = "MarkofreshTests-Info.plist"; sourceTree = "<group>"; };
		A4074D8F176D0868008CCCD7 /* en */ = {isa = PBXFileReference; lastKnownFileType = text.plist.strings; name = en; path = en.lproj/InfoPlist.strings; sourceTree = "<group>"; };
		A4074D91176D0868008CCCD7 /* MarkofreshTests.h */ = {isa = PBXFileReference; lastKnownFileType = sourcecode.c.h; path = MarkofreshTests.h; sourceTree = "<group>"; };
		A4074D92176D0868008CCCD7 /* MarkofreshTests.m */ = {isa = PBXFileReference; lastKnownFileType = sourcecode.c.objc; path = MarkofreshTests.m; sourceTree = "<group>"; };
		A4074D9C176D0E41008CCCD7 /* Post.h */ = {isa = PBXFileReference; fileEncoding = 4; lastKnownFileType = sourcecode.c.h; name = Post.h; path = ../../Markofresh/Markofresh/Post.h; sourceTree = "<group>"; };
		A4074D9D176D0E41008CCCD7 /* Post.m */ = {isa = PBXFileReference; fileEncoding = 4; lastKnownFileType = sourcecode.c.objc; name = Post.m; path = ../../Markofresh/Markofresh/Post.m; sourceTree = "<group>"; };
		A4074D9F176D0E41008CCCD7 /* MUser.h */ = {isa = PBXFileReference; fileEncoding = 4; lastKnownFileType = sourcecode.c.h; name = MUser.h; path = ../../Markofresh/Markofresh/MUser.h; sourceTree = "<group>"; };
		A4074DA0176D0E41008CCCD7 /* MUser.m */ = {isa = PBXFileReference; fileEncoding = 4; lastKnownFileType = sourcecode.c.objc; name = MUser.m; path = ../../Markofresh/Markofresh/MUser.m; sourceTree = "<group>"; };
		A458936E177B266600FBA2B6 /* MAPIClient.h */ = {isa = PBXFileReference; fileEncoding = 4; lastKnownFileType = sourcecode.c.h; name = MAPIClient.h; path = ../../Markofresh/Markofresh/MAPIClient.h; sourceTree = "<group>"; };
		A458936F177B266600FBA2B6 /* MAPIClient.m */ = {isa = PBXFileReference; fileEncoding = 4; lastKnownFileType = sourcecode.c.objc; name = MAPIClient.m; path = ../../Markofresh/Markofresh/MAPIClient.m; sourceTree = "<group>"; };
		A4589372177B2FA000FBA2B6 /* Photo.h */ = {isa = PBXFileReference; fileEncoding = 4; lastKnownFileType = sourcecode.c.h; name = Photo.h; path = ../../Markofresh/Markofresh/Photo.h; sourceTree = "<group>"; };
		A4589373177B2FA000FBA2B6 /* Photo.m */ = {isa = PBXFileReference; fileEncoding = 4; lastKnownFileType = sourcecode.c.objc; name = Photo.m; path = ../../Markofresh/Markofresh/Photo.m; sourceTree = "<group>"; };
		A4589375177B30EF00FBA2B6 /* PhotosViewController.h */ = {isa = PBXFileReference; fileEncoding = 4; lastKnownFileType = sourcecode.c.h; name = PhotosViewController.h; path = ../../Markofresh/Markofresh/PhotosViewController.h; sourceTree = "<group>"; };
		A4589376177B30EF00FBA2B6 /* PhotosViewController.m */ = {isa = PBXFileReference; fileEncoding = 4; lastKnownFileType = sourcecode.c.objc; name = PhotosViewController.m; path = ../../Markofresh/Markofresh/PhotosViewController.m; sourceTree = "<group>"; };
		A4589379177B3E1E00FBA2B6 /* MapKit.framework */ = {isa = PBXFileReference; lastKnownFileType = wrapper.framework; name = MapKit.framework; path = System/Library/Frameworks/MapKit.framework; sourceTree = SDKROOT; };
		A458937C177B4AEC00FBA2B6 /* photo-placeholder.png */ = {isa = PBXFileReference; lastKnownFileType = image.png; path = "photo-placeholder.png"; sourceTree = "<group>"; };
		A458937D177B4AEC00FBA2B6 /* photo-placeholder@2x.png */ = {isa = PBXFileReference; lastKnownFileType = image.png; path = "photo-placeholder@2x.png"; sourceTree = "<group>"; };
		A4B0CF05177BAD8F002BD4AF /* NSDictionary+JSONValueParsing.h */ = {isa = PBXFileReference; fileEncoding = 4; lastKnownFileType = sourcecode.c.h; name = "NSDictionary+JSONValueParsing.h"; path = "../../Markofresh/Markofresh/NSDictionary+JSONValueParsing.h"; sourceTree = "<group>"; };
		A4B0CF08177CF780002BD4AF /* NSDictionary+JSONValueParsing.m */ = {isa = PBXFileReference; fileEncoding = 4; lastKnownFileType = sourcecode.c.objc; path = "NSDictionary+JSONValueParsing.m"; sourceTree = "<group>"; };
		A4B0CF0F177DCDED002BD4AF /* ProgressView.h */ = {isa = PBXFileReference; fileEncoding = 4; lastKnownFileType = sourcecode.c.h; name = ProgressView.h; path = ../../Markofresh/Markofresh/ProgressView.h; sourceTree = "<group>"; };
		A4B0CF10177DCDED002BD4AF /* ProgressView.m */ = {isa = PBXFileReference; fileEncoding = 4; lastKnownFileType = sourcecode.c.objc; name = ProgressView.m; path = ../../Markofresh/Markofresh/ProgressView.m; sourceTree = "<group>"; };
		A4C7E6DB176FB2480027E089 /* PostViewController.h */ = {isa = PBXFileReference; fileEncoding = 4; lastKnownFileType = sourcecode.c.h; name = PostViewController.h; path = ../../Markofresh/Markofresh/PostViewController.h; sourceTree = "<group>"; };
		A4C7E6DC176FB2480027E089 /* PostViewController.m */ = {isa = PBXFileReference; fileEncoding = 4; lastKnownFileType = sourcecode.c.objc; name = PostViewController.m; path = ../../Markofresh/Markofresh/PostViewController.m; sourceTree = "<group>"; };
		A4D6B3A21774CD7800E45BB0 /* CoreLocation.framework */ = {isa = PBXFileReference; lastKnownFileType = wrapper.framework; name = CoreLocation.framework; path = System/Library/Frameworks/CoreLocation.framework; sourceTree = SDKROOT; };
		A4EC029E1770C63F00D608B8 /* LICENSE */ = {isa = PBXFileReference; fileEncoding = 4; lastKnownFileType = text; path = LICENSE; sourceTree = "<group>"; };
		A4EC029F1770C63F00D608B8 /* NewRelicAgent.framework */ = {isa = PBXFileReference; lastKnownFileType = wrapper.framework; path = NewRelicAgent.framework; sourceTree = "<group>"; };
		A4EC02A01770C63F00D608B8 /* README */ = {isa = PBXFileReference; fileEncoding = 4; lastKnownFileType = text; path = README; sourceTree = "<group>"; };
		A4EC02A41770C65800D608B8 /* CoreTelephony.framework */ = {isa = PBXFileReference; lastKnownFileType = wrapper.framework; name = CoreTelephony.framework; path = System/Library/Frameworks/CoreTelephony.framework; sourceTree = SDKROOT; };
		A4EC02A61770C66200D608B8 /* SystemConfiguration.framework */ = {isa = PBXFileReference; lastKnownFileType = wrapper.framework; name = SystemConfiguration.framework; path = System/Library/Frameworks/SystemConfiguration.framework; sourceTree = SDKROOT; };
		A4EC02A81770C66B00D608B8 /* libz.dylib */ = {isa = PBXFileReference; lastKnownFileType = "compiled.mach-o.dylib"; name = libz.dylib; path = usr/lib/libz.dylib; sourceTree = SDKROOT; };
		DC76C9E5AAE74BD49EEEA933 /* libPods.a */ = {isa = PBXFileReference; explicitFileType = archive.ar; includeInIndex = 0; path = libPods.a; sourceTree = BUILT_PRODUCTS_DIR; };
/* End PBXFileReference section */

/* Begin PBXFrameworksBuildPhase section */
		A4074D52176D0868008CCCD7 /* Frameworks */ = {
			isa = PBXFrameworksBuildPhase;
			buildActionMask = 2147483647;
			files = (
				A458937A177B3E1E00FBA2B6 /* MapKit.framework in Frameworks */,
				A4D6B3A31774CD7800E45BB0 /* CoreLocation.framework in Frameworks */,
				A4EC02A91770C66B00D608B8 /* libz.dylib in Frameworks */,
				A4EC02A71770C66200D608B8 /* SystemConfiguration.framework in Frameworks */,
				A4EC02A51770C65800D608B8 /* CoreTelephony.framework in Frameworks */,
				A4074D59176D0868008CCCD7 /* UIKit.framework in Frameworks */,
				A4074D5B176D0868008CCCD7 /* Foundation.framework in Frameworks */,
				A4074D5D176D0868008CCCD7 /* CoreGraphics.framework in Frameworks */,
				A4074D5F176D0868008CCCD7 /* CoreData.framework in Frameworks */,
				B298B704CCC44379A117A301 /* libPods.a in Frameworks */,
				A4EC02A21770C63F00D608B8 /* NewRelicAgent.framework in Frameworks */,
			);
			runOnlyForDeploymentPostprocessing = 0;
		};
		A4074D7F176D0868008CCCD7 /* Frameworks */ = {
			isa = PBXFrameworksBuildPhase;
			buildActionMask = 2147483647;
			files = (
				A4074D85176D0868008CCCD7 /* SenTestingKit.framework in Frameworks */,
				A4074D86176D0868008CCCD7 /* UIKit.framework in Frameworks */,
				A4074D87176D0868008CCCD7 /* Foundation.framework in Frameworks */,
				A4074D88176D0868008CCCD7 /* CoreData.framework in Frameworks */,
			);
			runOnlyForDeploymentPostprocessing = 0;
		};
/* End PBXFrameworksBuildPhase section */

/* Begin PBXGroup section */
		A4074D4C176D0868008CCCD7 = {
			isa = PBXGroup;
			children = (
				A4074D60176D0868008CCCD7 /* Markofresh */,
				A4074D8B176D0868008CCCD7 /* MarkofreshTests */,
				A4074D57176D0868008CCCD7 /* Frameworks */,
				A4074D56176D0868008CCCD7 /* Products */,
				7C12293D6BC8481E83D2130F /* Pods.xcconfig */,
			);
			sourceTree = "<group>";
		};
		A4074D56176D0868008CCCD7 /* Products */ = {
			isa = PBXGroup;
			children = (
				A4074D55176D0868008CCCD7 /* Markofresh.app */,
				A4074D83176D0868008CCCD7 /* MarkofreshTests.octest */,
			);
			name = Products;
			sourceTree = "<group>";
		};
		A4074D57176D0868008CCCD7 /* Frameworks */ = {
			isa = PBXGroup;
			children = (
				A4589379177B3E1E00FBA2B6 /* MapKit.framework */,
				A4D6B3A21774CD7800E45BB0 /* CoreLocation.framework */,
				A4EC02A81770C66B00D608B8 /* libz.dylib */,
				A4EC02A61770C66200D608B8 /* SystemConfiguration.framework */,
				A4EC02A41770C65800D608B8 /* CoreTelephony.framework */,
				A4EC029D1770C63F00D608B8 /* NewRelic_iOS_Agent_1.342 */,
				A4074D58176D0868008CCCD7 /* UIKit.framework */,
				A4074D5A176D0868008CCCD7 /* Foundation.framework */,
				A4074D5C176D0868008CCCD7 /* CoreGraphics.framework */,
				A4074D5E176D0868008CCCD7 /* CoreData.framework */,
				A4074D84176D0868008CCCD7 /* SenTestingKit.framework */,
				DC76C9E5AAE74BD49EEEA933 /* libPods.a */,
			);
			name = Frameworks;
			sourceTree = "<group>";
		};
		A4074D60176D0868008CCCD7 /* Markofresh */ = {
			isa = PBXGroup;
			children = (
				A4074D69176D0868008CCCD7 /* AppDelegate.h */,
				A4074D6A176D0868008CCCD7 /* AppDelegate.m */,
				A4074D72176D0868008CCCD7 /* MainStoryboard.storyboard */,
				A4589371177B277500FBA2B6 /* API */,
				A4589378177B347800FBA2B6 /* Controllers */,
				A4B0CF04177B7E60002BD4AF /* Model */,
				A4074D75176D0868008CCCD7 /* Markofresh.xcdatamodeld */,
				A4074D9F176D0E41008CCCD7 /* MUser.h */,
				A4074DA0176D0E41008CCCD7 /* MUser.m */,
				A4B0CF0E177DCDCF002BD4AF /* View */,
				A4B0CF0A177DCD1F002BD4AF /* Help */,
				A4074D61176D0868008CCCD7 /* Supporting Files */,
			);
			path = Markofresh;
			sourceTree = "<group>";
		};
		A4074D61176D0868008CCCD7 /* Supporting Files */ = {
			isa = PBXGroup;
			children = (
				A4074D62176D0868008CCCD7 /* Markofresh-Info.plist */,
				A4074D63176D0868008CCCD7 /* InfoPlist.strings */,
				A4074D66176D0868008CCCD7 /* main.m */,
				A4074D68176D0868008CCCD7 /* Markofresh-Prefix.pch */,
				A458937B177B4AE000FBA2B6 /* Images */,
				A4074D6C176D0868008CCCD7 /* Default.png */,
				A4074D6E176D0868008CCCD7 /* Default@2x.png */,
				A4074D70176D0868008CCCD7 /* Default-568h@2x.png */,
			);
			name = "Supporting Files";
			sourceTree = "<group>";
		};
		A4074D8B176D0868008CCCD7 /* MarkofreshTests */ = {
			isa = PBXGroup;
			children = (
				A4074D91176D0868008CCCD7 /* MarkofreshTests.h */,
				A4074D92176D0868008CCCD7 /* MarkofreshTests.m */,
				A4074D8C176D0868008CCCD7 /* Supporting Files */,
			);
			path = MarkofreshTests;
			sourceTree = "<group>";
		};
		A4074D8C176D0868008CCCD7 /* Supporting Files */ = {
			isa = PBXGroup;
			children = (
				A4074D8D176D0868008CCCD7 /* MarkofreshTests-Info.plist */,
				A4074D8E176D0868008CCCD7 /* InfoPlist.strings */,
			);
			name = "Supporting Files";
			sourceTree = "<group>";
		};
		A4589371177B277500FBA2B6 /* API */ = {
			isa = PBXGroup;
			children = (
				A458936E177B266600FBA2B6 /* MAPIClient.h */,
				A458936F177B266600FBA2B6 /* MAPIClient.m */,
			);
			name = API;
			sourceTree = "<group>";
		};
		A4589378177B347800FBA2B6 /* Controllers */ = {
			isa = PBXGroup;
			children = (
				A4074D78176D0868008CCCD7 /* MasterViewController.h */,
				A4074D79176D0868008CCCD7 /* MasterViewController.m */,
				A4074D7B176D0868008CCCD7 /* DetailViewController.h */,
				A4074D7C176D0868008CCCD7 /* DetailViewController.m */,
				A4C7E6DB176FB2480027E089 /* PostViewController.h */,
				A4C7E6DC176FB2480027E089 /* PostViewController.m */,
				A4589375177B30EF00FBA2B6 /* PhotosViewController.h */,
				A4589376177B30EF00FBA2B6 /* PhotosViewController.m */,
			);
			name = Controllers;
			sourceTree = "<group>";
		};
		A458937B177B4AE000FBA2B6 /* Images */ = {
			isa = PBXGroup;
			children = (
				A458937C177B4AEC00FBA2B6 /* photo-placeholder.png */,
				A458937D177B4AEC00FBA2B6 /* photo-placeholder@2x.png */,
			);
			name = Images;
			sourceTree = "<group>";
		};
		A4B0CF04177B7E60002BD4AF /* Model */ = {
			isa = PBXGroup;
			children = (
				A4074D9C176D0E41008CCCD7 /* Post.h */,
				A4074D9D176D0E41008CCCD7 /* Post.m */,
				A4589372177B2FA000FBA2B6 /* Photo.h */,
				A4589373177B2FA000FBA2B6 /* Photo.m */,
			);
			name = Model;
			sourceTree = "<group>";
		};
		A4B0CF0A177DCD1F002BD4AF /* Help */ = {
			isa = PBXGroup;
			children = (
				A4B0CF05177BAD8F002BD4AF /* NSDictionary+JSONValueParsing.h */,
				A4B0CF08177CF780002BD4AF /* NSDictionary+JSONValueParsing.m */,
			);
			name = Help;
			sourceTree = "<group>";
		};
		A4B0CF0E177DCDCF002BD4AF /* View */ = {
			isa = PBXGroup;
			children = (
				A4B0CF0F177DCDED002BD4AF /* ProgressView.h */,
				A4B0CF10177DCDED002BD4AF /* ProgressView.m */,
			);
			name = View;
			sourceTree = "<group>";
		};
		A4EC029D1770C63F00D608B8 /* NewRelic_iOS_Agent_1.342 */ = {
			isa = PBXGroup;
			children = (
				A4EC029E1770C63F00D608B8 /* LICENSE */,
				A4EC029F1770C63F00D608B8 /* NewRelicAgent.framework */,
				A4EC02A01770C63F00D608B8 /* README */,
			);
			path = NewRelic_iOS_Agent_1.342;
			sourceTree = "<group>";
		};
/* End PBXGroup section */

/* Begin PBXNativeTarget section */
		A4074D54176D0868008CCCD7 /* Markofresh */ = {
			isa = PBXNativeTarget;
			buildConfigurationList = A4074D96176D0868008CCCD7 /* Build configuration list for PBXNativeTarget "Markofresh" */;
			buildPhases = (
				65D86BCD276C439685C6CD5D /* Check Pods Manifest.lock */,
				A4074D51176D0868008CCCD7 /* Sources */,
				A4074D52176D0868008CCCD7 /* Frameworks */,
				A4074D53176D0868008CCCD7 /* Resources */,
				E60557A0C6B64AE6ADAF2E39 /* Copy Pods Resources */,
			);
			buildRules = (
			);
			dependencies = (
			);
			name = Markofresh;
			productName = Markofresh;
			productReference = A4074D55176D0868008CCCD7 /* Markofresh.app */;
			productType = "com.apple.product-type.application";
		};
		A4074D82176D0868008CCCD7 /* MarkofreshTests */ = {
			isa = PBXNativeTarget;
			buildConfigurationList = A4074D99176D0868008CCCD7 /* Build configuration list for PBXNativeTarget "MarkofreshTests" */;
			buildPhases = (
				A4074D7E176D0868008CCCD7 /* Sources */,
				A4074D7F176D0868008CCCD7 /* Frameworks */,
				A4074D80176D0868008CCCD7 /* Resources */,
				A4074D81176D0868008CCCD7 /* ShellScript */,
			);
			buildRules = (
			);
			dependencies = (
				A4074D8A176D0868008CCCD7 /* PBXTargetDependency */,
			);
			name = MarkofreshTests;
			productName = MarkofreshTests;
			productReference = A4074D83176D0868008CCCD7 /* MarkofreshTests.octest */;
			productType = "com.apple.product-type.bundle";
		};
/* End PBXNativeTarget section */

/* Begin PBXProject section */
		A4074D4D176D0868008CCCD7 /* Project object */ = {
			isa = PBXProject;
			attributes = {
				LastUpgradeCheck = 0460;
				ORGANIZATIONNAME = master;
			};
			buildConfigurationList = A4074D50176D0868008CCCD7 /* Build configuration list for PBXProject "markofresh" */;
			compatibilityVersion = "Xcode 3.2";
			developmentRegion = English;
			hasScannedForEncodings = 0;
			knownRegions = (
				en,
			);
			mainGroup = A4074D4C176D0868008CCCD7;
			productRefGroup = A4074D56176D0868008CCCD7 /* Products */;
			projectDirPath = "";
			projectRoot = "";
			targets = (
				A4074D54176D0868008CCCD7 /* Markofresh */,
				A4074D82176D0868008CCCD7 /* MarkofreshTests */,
			);
		};
/* End PBXProject section */

/* Begin PBXResourcesBuildPhase section */
		A4074D53176D0868008CCCD7 /* Resources */ = {
			isa = PBXResourcesBuildPhase;
			buildActionMask = 2147483647;
			files = (
				A4074D65176D0868008CCCD7 /* InfoPlist.strings in Resources */,
				A4074D6D176D0868008CCCD7 /* Default.png in Resources */,
				A4074D6F176D0868008CCCD7 /* Default@2x.png in Resources */,
				A4074D71176D0868008CCCD7 /* Default-568h@2x.png in Resources */,
				A4074D74176D0868008CCCD7 /* MainStoryboard.storyboard in Resources */,
				A4EC02A11770C63F00D608B8 /* LICENSE in Resources */,
				A4EC02A31770C63F00D608B8 /* README in Resources */,
				A458937E177B4AEC00FBA2B6 /* photo-placeholder.png in Resources */,
				A458937F177B4AEC00FBA2B6 /* photo-placeholder@2x.png in Resources */,
			);
			runOnlyForDeploymentPostprocessing = 0;
		};
		A4074D80176D0868008CCCD7 /* Resources */ = {
			isa = PBXResourcesBuildPhase;
			buildActionMask = 2147483647;
			files = (
				A4074D90176D0868008CCCD7 /* InfoPlist.strings in Resources */,
			);
			runOnlyForDeploymentPostprocessing = 0;
		};
/* End PBXResourcesBuildPhase section */

/* Begin PBXShellScriptBuildPhase section */
		65D86BCD276C439685C6CD5D /* Check Pods Manifest.lock */ = {
			isa = PBXShellScriptBuildPhase;
			buildActionMask = 2147483647;
			files = (
			);
			inputPaths = (
			);
			name = "Check Pods Manifest.lock";
			outputPaths = (
			);
			runOnlyForDeploymentPostprocessing = 0;
			shellPath = /bin/sh;
			shellScript = "diff \"${PODS_ROOT}/../Podfile.lock\" \"${PODS_ROOT}/Manifest.lock\" > /dev/null\nif [[ $? != 0 ]] ; then\n    cat << EOM\nerror: The sandbox is not in sync with the Podfile.lock. Run 'pod install' or update your CocoaPods installation.\nEOM\n    exit 1\nfi\n";
		};
		A4074D81176D0868008CCCD7 /* ShellScript */ = {
			isa = PBXShellScriptBuildPhase;
			buildActionMask = 2147483647;
			files = (
			);
			inputPaths = (
			);
			outputPaths = (
			);
			runOnlyForDeploymentPostprocessing = 0;
			shellPath = /bin/sh;
			shellScript = "# Run the unit tests in this test bundle.\n\"${SYSTEM_DEVELOPER_DIR}/Tools/RunUnitTests\"\n";
		};
		E60557A0C6B64AE6ADAF2E39 /* Copy Pods Resources */ = {
			isa = PBXShellScriptBuildPhase;
			buildActionMask = 2147483647;
			files = (
			);
			inputPaths = (
			);
			name = "Copy Pods Resources";
			outputPaths = (
			);
			runOnlyForDeploymentPostprocessing = 0;
			shellPath = /bin/sh;
			shellScript = "\"${SRCROOT}/../Pods/Pods-resources.sh\"\n";
		};
/* End PBXShellScriptBuildPhase section */

/* Begin PBXSourcesBuildPhase section */
		A4074D51176D0868008CCCD7 /* Sources */ = {
			isa = PBXSourcesBuildPhase;
			buildActionMask = 2147483647;
			files = (
				A4074D67176D0868008CCCD7 /* main.m in Sources */,
				A4074D6B176D0868008CCCD7 /* AppDelegate.m in Sources */,
				A4074D77176D0868008CCCD7 /* Markofresh.xcdatamodeld in Sources */,
				A4074D7A176D0868008CCCD7 /* MasterViewController.m in Sources */,
				A4074D7D176D0868008CCCD7 /* DetailViewController.m in Sources */,
				A4074D9E176D0E41008CCCD7 /* Post.m in Sources */,
				A4074DA1176D0E41008CCCD7 /* MUser.m in Sources */,
				A4C7E6DD176FB2480027E089 /* PostViewController.m in Sources */,
				A4589370177B266600FBA2B6 /* MAPIClient.m in Sources */,
				A4589374177B2FA000FBA2B6 /* Photo.m in Sources */,
				A4589377177B30EF00FBA2B6 /* PhotosViewController.m in Sources */,
				A4B0CF09177CF780002BD4AF /* NSDictionary+JSONValueParsing.m in Sources */,
				A4B0CF11177DCDED002BD4AF /* ProgressView.m in Sources */,
			);
			runOnlyForDeploymentPostprocessing = 0;
		};
		A4074D7E176D0868008CCCD7 /* Sources */ = {
			isa = PBXSourcesBuildPhase;
			buildActionMask = 2147483647;
			files = (
				A4074D93176D0868008CCCD7 /* MarkofreshTests.m in Sources */,
			);
			runOnlyForDeploymentPostprocessing = 0;
		};
/* End PBXSourcesBuildPhase section */

/* Begin PBXTargetDependency section */
		A4074D8A176D0868008CCCD7 /* PBXTargetDependency */ = {
			isa = PBXTargetDependency;
			target = A4074D54176D0868008CCCD7 /* Markofresh */;
			targetProxy = A4074D89176D0868008CCCD7 /* PBXContainerItemProxy */;
		};
/* End PBXTargetDependency section */

/* Begin PBXVariantGroup section */
		A4074D63176D0868008CCCD7 /* InfoPlist.strings */ = {
			isa = PBXVariantGroup;
			children = (
				A4074D64176D0868008CCCD7 /* en */,
			);
			name = InfoPlist.strings;
			sourceTree = "<group>";
		};
		A4074D72176D0868008CCCD7 /* MainStoryboard.storyboard */ = {
			isa = PBXVariantGroup;
			children = (
				A4074D73176D0868008CCCD7 /* en */,
			);
			name = MainStoryboard.storyboard;
			sourceTree = "<group>";
		};
		A4074D8E176D0868008CCCD7 /* InfoPlist.strings */ = {
			isa = PBXVariantGroup;
			children = (
				A4074D8F176D0868008CCCD7 /* en */,
			);
			name = InfoPlist.strings;
			sourceTree = "<group>";
		};
/* End PBXVariantGroup section */

/* Begin XCBuildConfiguration section */
		A4074D94176D0868008CCCD7 /* Debug */ = {
			isa = XCBuildConfiguration;
			buildSettings = {
				ALWAYS_SEARCH_USER_PATHS = NO;
				CLANG_CXX_LANGUAGE_STANDARD = "gnu++0x";
				CLANG_CXX_LIBRARY = "libc++";
				CLANG_ENABLE_OBJC_ARC = YES;
				CLANG_WARN_CONSTANT_CONVERSION = YES;
				CLANG_WARN_EMPTY_BODY = YES;
				CLANG_WARN_ENUM_CONVERSION = YES;
				CLANG_WARN_INT_CONVERSION = YES;
				CLANG_WARN__DUPLICATE_METHOD_MATCH = YES;
				"CODE_SIGN_IDENTITY[sdk=iphoneos*]" = "iPhone Developer";
				COPY_PHASE_STRIP = NO;
				GCC_C_LANGUAGE_STANDARD = gnu99;
				GCC_DYNAMIC_NO_PIC = NO;
				GCC_OPTIMIZATION_LEVEL = 0;
				GCC_PREPROCESSOR_DEFINITIONS = (
					"DEBUG=1",
					"$(inherited)",
				);
				GCC_SYMBOLS_PRIVATE_EXTERN = NO;
				GCC_WARN_ABOUT_RETURN_TYPE = YES;
				GCC_WARN_UNINITIALIZED_AUTOS = YES;
				GCC_WARN_UNUSED_VARIABLE = YES;
				IPHONEOS_DEPLOYMENT_TARGET = 6.1;
				ONLY_ACTIVE_ARCH = YES;
				SDKROOT = iphoneos;
			};
			name = Debug;
		};
		A4074D95176D0868008CCCD7 /* Release */ = {
			isa = XCBuildConfiguration;
			buildSettings = {
				ALWAYS_SEARCH_USER_PATHS = NO;
				CLANG_CXX_LANGUAGE_STANDARD = "gnu++0x";
				CLANG_CXX_LIBRARY = "libc++";
				CLANG_ENABLE_OBJC_ARC = YES;
				CLANG_WARN_CONSTANT_CONVERSION = YES;
				CLANG_WARN_EMPTY_BODY = YES;
				CLANG_WARN_ENUM_CONVERSION = YES;
				CLANG_WARN_INT_CONVERSION = YES;
				CLANG_WARN__DUPLICATE_METHOD_MATCH = YES;
				"CODE_SIGN_IDENTITY[sdk=iphoneos*]" = "iPhone Developer";
				COPY_PHASE_STRIP = YES;
				GCC_C_LANGUAGE_STANDARD = gnu99;
				GCC_WARN_ABOUT_RETURN_TYPE = YES;
				GCC_WARN_UNINITIALIZED_AUTOS = YES;
				GCC_WARN_UNUSED_VARIABLE = YES;
				IPHONEOS_DEPLOYMENT_TARGET = 6.1;
				OTHER_CFLAGS = "-DNS_BLOCK_ASSERTIONS=1";
				SDKROOT = iphoneos;
				VALIDATE_PRODUCT = YES;
			};
			name = Release;
		};
		A4074D97176D0868008CCCD7 /* Debug */ = {
			isa = XCBuildConfiguration;
			baseConfigurationReference = 7C12293D6BC8481E83D2130F /* Pods.xcconfig */;
			buildSettings = {
				FRAMEWORK_SEARCH_PATHS = (
					"$(inherited)",
					"\"$(SRCROOT)/NewRelic_iOS_Agent_1.342\"",
				);
				GCC_PRECOMPILE_PREFIX_HEADER = YES;
				GCC_PREFIX_HEADER = "Markofresh/Markofresh-Prefix.pch";
				INFOPLIST_FILE = "Markofresh/Markofresh-Info.plist";
				PRODUCT_NAME = "$(TARGET_NAME)";
				WRAPPER_EXTENSION = app;
			};
			name = Debug;
		};
		A4074D98176D0868008CCCD7 /* Release */ = {
			isa = XCBuildConfiguration;
			baseConfigurationReference = 7C12293D6BC8481E83D2130F /* Pods.xcconfig */;
			buildSettings = {
				FRAMEWORK_SEARCH_PATHS = (
					"$(inherited)",
					"\"$(SRCROOT)/NewRelic_iOS_Agent_1.342\"",
				);
				GCC_PRECOMPILE_PREFIX_HEADER = YES;
				GCC_PREFIX_HEADER = "Markofresh/Markofresh-Prefix.pch";
				INFOPLIST_FILE = "Markofresh/Markofresh-Info.plist";
				PRODUCT_NAME = "$(TARGET_NAME)";
				WRAPPER_EXTENSION = app;
			};
			name = Release;
		};
		A4074D9A176D0868008CCCD7 /* Debug */ = {
			isa = XCBuildConfiguration;
			buildSettings = {
				BUNDLE_LOADER = "$(BUILT_PRODUCTS_DIR)/Markofresh.app/Markofresh";
				FRAMEWORK_SEARCH_PATHS = (
					"\"$(SDKROOT)/Developer/Library/Frameworks\"",
					"\"$(DEVELOPER_LIBRARY_DIR)/Frameworks\"",
				);
				GCC_PRECOMPILE_PREFIX_HEADER = YES;
				GCC_PREFIX_HEADER = "Markofresh/Markofresh-Prefix.pch";
				INFOPLIST_FILE = "MarkofreshTests/MarkofreshTests-Info.plist";
				PRODUCT_NAME = "$(TARGET_NAME)";
				TEST_HOST = "$(BUNDLE_LOADER)";
				WRAPPER_EXTENSION = octest;
			};
			name = Debug;
		};
		A4074D9B176D0868008CCCD7 /* Release */ = {
			isa = XCBuildConfiguration;
			buildSettings = {
				BUNDLE_LOADER = "$(BUILT_PRODUCTS_DIR)/Markofresh.app/Markofresh";
				FRAMEWORK_SEARCH_PATHS = (
					"\"$(SDKROOT)/Developer/Library/Frameworks\"",
					"\"$(DEVELOPER_LIBRARY_DIR)/Frameworks\"",
				);
				GCC_PRECOMPILE_PREFIX_HEADER = YES;
				GCC_PREFIX_HEADER = "Markofresh/Markofresh-Prefix.pch";
				INFOPLIST_FILE = "MarkofreshTests/MarkofreshTests-Info.plist";
				PRODUCT_NAME = "$(TARGET_NAME)";
				TEST_HOST = "$(BUNDLE_LOADER)";
				WRAPPER_EXTENSION = octest;
			};
			name = Release;
		};
/* End XCBuildConfiguration section */

/* Begin XCConfigurationList section */
		A4074D50176D0868008CCCD7 /* Build configuration list for PBXProject "markofresh" */ = {
			isa = XCConfigurationList;
			buildConfigurations = (
				A4074D94176D0868008CCCD7 /* Debug */,
				A4074D95176D0868008CCCD7 /* Release */,
			);
			defaultConfigurationIsVisible = 0;
			defaultConfigurationName = Release;
		};
		A4074D96176D0868008CCCD7 /* Build configuration list for PBXNativeTarget "Markofresh" */ = {
			isa = XCConfigurationList;
			buildConfigurations = (
				A4074D97176D0868008CCCD7 /* Debug */,
				A4074D98176D0868008CCCD7 /* Release */,
			);
			defaultConfigurationIsVisible = 0;
			defaultConfigurationName = Release;
		};
		A4074D99176D0868008CCCD7 /* Build configuration list for PBXNativeTarget "MarkofreshTests" */ = {
			isa = XCConfigurationList;
			buildConfigurations = (
				A4074D9A176D0868008CCCD7 /* Debug */,
				A4074D9B176D0868008CCCD7 /* Release */,
			);
			defaultConfigurationIsVisible = 0;
			defaultConfigurationName = Release;
		};
/* End XCConfigurationList section */

/* Begin XCVersionGroup section */
		A4074D75176D0868008CCCD7 /* Markofresh.xcdatamodeld */ = {
			isa = XCVersionGroup;
			children = (
				A4074D76176D0868008CCCD7 /* Markofresh.xcdatamodel */,
			);
			currentVersion = A4074D76176D0868008CCCD7 /* Markofresh.xcdatamodel */;
			path = Markofresh.xcdatamodeld;
			sourceTree = "<group>";
			versionGroupType = wrapper.xcdatamodel;
		};
/* End XCVersionGroup section */
	};
	rootObject = A4074D4D176D0868008CCCD7 /* Project object */;
}
